# This file is automatically @generated by Cargo.
# It is not intended for manual editing.
version = 3

[[package]]
name = "aho-corasick"
version = "0.2.1"
source = "registry+https://github.com/rust-lang/crates.io-index"
checksum = "01683a6d4e079b8a05848f87ff75bf10d85182399a5eb50ee60c5e1d41a7d83b"
dependencies = [
 "memchr",
]

[[package]]
name = "autocfg"
version = "1.1.0"
source = "registry+https://github.com/rust-lang/crates.io-index"
checksum = "d468802bab17cbc0cc575e9b053f41e72aa36bfa6b7f55e3529ffa43161b97fa"

[[package]]
name = "bitflags"
version = "1.3.2"
source = "registry+https://github.com/rust-lang/crates.io-index"
checksum = "bef38d45163c2f1dde094a7dfd33ccf595c92905c8f8f4fdc18d06fb1037718a"

[[package]]
name = "cc"
version = "1.0.73"
source = "registry+https://github.com/rust-lang/crates.io-index"
checksum = "2fff2a6927b3bb87f9595d67196a70493f627687a71d87a0d692242c33f58c11"

[[package]]
name = "cfg-if"
version = "0.1.10"
source = "registry+https://github.com/rust-lang/crates.io-index"
checksum = "4785bdd1c96b2a846b2bd7cc02e86b6b3dbf14e7e53446c4f54c92a361040822"

[[package]]
name = "clippy"
version = "0.0.5"
source = "git+https://github.com/Manishearth/rust-clippy#a92b063727409108c148a3281ea0e4dc971277ce"

[[package]]
name = "foreign-types"
version = "0.3.2"
source = "registry+https://github.com/rust-lang/crates.io-index"
checksum = "f6f339eb8adc052cd2ca78910fda869aefa38d22d5cb648e6485e4d3fc06f3b1"
dependencies = [
 "foreign-types-shared",
]

[[package]]
name = "foreign-types-shared"
version = "0.1.1"
source = "registry+https://github.com/rust-lang/crates.io-index"
checksum = "00b0228411908ca8685dba7fc2cdd70ec9990a6e753e89b6ac91a84c40fbaf4b"

[[package]]
name = "lazy_static"
version = "1.4.0"
source = "registry+https://github.com/rust-lang/crates.io-index"
checksum = "e2abad23fbc42b3700f2f279844dc832adb2b2eb069b2df918f455c4e18cc646"

[[package]]
name = "libc"
version = "0.1.8"
source = "registry+https://github.com/rust-lang/crates.io-index"
checksum = "a64b9ad3eea69f6f43b87c07c0534505a68c8834ad4c6bad4089de15e45cec83"

[[package]]
name = "libc"
version = "0.2.126"
source = "registry+https://github.com/rust-lang/crates.io-index"
checksum = "349d5a591cd28b49e1d1037471617a32ddcda5731b99419008085f72d5a53836"

[[package]]
name = "memchr"
version = "0.1.3"
source = "registry+https://github.com/rust-lang/crates.io-index"
checksum = "361009278619eef5dd90d17e502835b555061d24923eae783e3b4b6766857000"
dependencies = [
 "libc 0.1.8",
]

[[package]]
name = "openssl"
version = "0.10.9"
source = "registry+https://github.com/rust-lang/crates.io-index"
checksum = "a2517ad2c3c77ccbccc2b35fa5586cd675789964181cf66331dd1573a3ab795e"
dependencies = [
 "bitflags",
 "cfg-if",
 "foreign-types",
 "lazy_static",
 "libc 0.2.126",
 "openssl-sys",
]

[[package]]
name = "openssl-sys"
version = "0.9.74"
source = "registry+https://github.com/rust-lang/crates.io-index"
checksum = "835363342df5fba8354c5b453325b110ffd54044e588c539cf2f20a8014e4cb1"
dependencies = [
 "autocfg",
 "cc",
 "libc 0.2.126",
 "pkg-config",
 "vcpkg",
]

[[package]]
name = "passman"
version = "0.0.0"
dependencies = [
 "clippy",
 "openssl",
 "rand",
 "regex",
 "regex_macros",
 "rpassword",
 "rustc-serialize",
 "toml",
]

[[package]]
name = "pkg-config"
version = "0.3.25"
source = "registry+https://github.com/rust-lang/crates.io-index"
checksum = "1df8c4ec4b0627e53bdf214615ad287367e482558cf84b109250b37464dc03ae"

[[package]]
name = "rand"
version = "0.3.8"
source = "registry+https://github.com/rust-lang/crates.io-index"
checksum = "b674087a811e0f96133764b93f2f95ab843c0ade512ca52fd5df732c93d4c596"
dependencies = [
 "libc 0.1.8",
]

[[package]]
name = "regex"
version = "0.1.38"
source = "registry+https://github.com/rust-lang/crates.io-index"
checksum = "bc2a4457b0c25dae6fee3dcd631ccded31e97d689b892c26554e096aa08dd136"
dependencies = [
 "aho-corasick",
 "memchr",
 "regex-syntax",
]

[[package]]
name = "regex-syntax"
version = "0.1.2"
source = "registry+https://github.com/rust-lang/crates.io-index"
checksum = "d03100ee8ede2b1bdc656b5cffdd4bc72ca2ebc51a81a99e83b4afdfa5a83051"

[[package]]
name = "regex_macros"
version = "0.1.20"
source = "registry+https://github.com/rust-lang/crates.io-index"
checksum = "0661959cc84baadf4dfeee199908df78b52f91744bd06fc51f89f1118817e31c"
dependencies = [
 "regex",
]

[[package]]
name = "rpassword"
version = "0.0.4"
source = "registry+https://github.com/rust-lang/crates.io-index"
checksum = "0a9dde63c78217c24d7f16dc1d60aac012124ba29d7bfa71bda532d4de668f44"
dependencies = [
 "libc 0.1.8",
 "termios",
]

[[package]]
name = "rustc-serialize"
version = "0.3.15"
source = "registry+https://github.com/rust-lang/crates.io-index"
checksum = "baa1d9cc07eb702f9229bc9353443000debfe346d2c53b54c9ee9307234525f2"

[[package]]
name = "termios"
version = "0.0.5"
source = "registry+https://github.com/rust-lang/crates.io-index"
checksum = "75071a31761781a74d091387713756966a74ce60eea99a093a5ab3f2cccac3fe"
dependencies = [
 "libc 0.1.8",
]

[[package]]
name = "toml"
version = "0.1.21"
source = "registry+https://github.com/rust-lang/crates.io-index"
checksum = "653fb0262e7aaceb779aa3f3c35048766c7028fc897728f8ad59a0b3b9cab138"
dependencies = [
 "rustc-serialize",
]

[[package]]
name = "vcpkg"
version = "0.2.15"
source = "registry+https://github.com/rust-lang/crates.io-index"
checksum = "accd4ea62f7bb7a82fe23066fb0957d48ef677f6eeb8215f372f52e48bb32426"
