# This file is automatically @generated by Cargo.
# It is not intended for manual editing.
version = 3

[[package]]
name = "aho-corasick"
version = "0.5.3"
source = "registry+https://github.com/rust-lang/crates.io-index"
checksum = "ca972c2ea5f742bfce5687b9aef75506a764f61d37f8f649047846a9686ddb66"
dependencies = [
 "memchr 0.1.11",
]

[[package]]
name = "aho-corasick"
version = "0.7.18"
source = "registry+https://github.com/rust-lang/crates.io-index"
checksum = "1e37cfd5e7657ada45f742d6e99ca5788580b5c529dc78faf11ece6dc702656f"
dependencies = [
 "memchr 2.5.0",
]

[[package]]
name = "bitflags"
version = "0.2.1"
source = "registry+https://github.com/rust-lang/crates.io-index"
checksum = "a41f80ec2e140d19e789764fdf22d0f2da98fe7e55d26f99db59cb3d2605d327"

[[package]]
name = "clippy"
version = "0.0.5"
source = "git+https://github.com/Manishearth/rust-clippy#a92b063727409108c148a3281ea0e4dc971277ce"

[[package]]
name = "gcc"
version = "0.3.8"
source = "registry+https://github.com/rust-lang/crates.io-index"
checksum = "a513778819ab90cf253c6a60a28925e8abe5c25752719adc3a3ecc8561664c8c"

[[package]]
name = "kernel32-sys"
version = "0.2.2"
source = "registry+https://github.com/rust-lang/crates.io-index"
checksum = "7507624b29483431c0ba2d82aece8ca6cdba9382bff4ddd0f7490560c056098d"
dependencies = [
 "winapi",
 "winapi-build",
]

[[package]]
name = "lazy_static"
version = "0.1.11"
source = "registry+https://github.com/rust-lang/crates.io-index"
checksum = "e28c1b44cbc32bd37553b2c1b2d3f744ffadb6ce26381c9018492364ecb525d0"

[[package]]
name = "libc"
version = "0.1.8"
source = "registry+https://github.com/rust-lang/crates.io-index"
checksum = "a64b9ad3eea69f6f43b87c07c0534505a68c8834ad4c6bad4089de15e45cec83"

[[package]]
name = "libc"
version = "0.2.126"
source = "registry+https://github.com/rust-lang/crates.io-index"
checksum = "349d5a591cd28b49e1d1037471617a32ddcda5731b99419008085f72d5a53836"

[[package]]
name = "libressl-pnacl-sys"
version = "2.1.5"
source = "registry+https://github.com/rust-lang/crates.io-index"
checksum = "aebb4b32c6b607f737d921dde41712e00905a77f5968b5471466534e34ab447c"
dependencies = [
 "pnacl-build-helper",
]

[[package]]
name = "memchr"
version = "0.1.11"
source = "registry+https://github.com/rust-lang/crates.io-index"
checksum = "d8b629fb514376c675b98c1421e80b151d3817ac42d7c667717d282761418d20"
dependencies = [
 "libc 0.2.126",
]

[[package]]
name = "memchr"
version = "2.5.0"
source = "registry+https://github.com/rust-lang/crates.io-index"
checksum = "2dffe52ecf27772e601905b7522cb4ef790d2cc203488bbd0e2fe85fcb74566d"

[[package]]
name = "openssl"
version = "0.6.3"
source = "registry+https://github.com/rust-lang/crates.io-index"
checksum = "0b8ea24d912d9b07f8e3fbdd4d03ab8e8c0e9adf011c6d94b2bb5437823a28f0"
dependencies = [
 "bitflags",
 "lazy_static",
 "libc 0.1.8",
 "openssl-sys",
]

[[package]]
name = "openssl-sys"
version = "0.6.3"
source = "registry+https://github.com/rust-lang/crates.io-index"
checksum = "f39d54062c778fdafcf80ccd8c7257b6c16953c31ee2c2332a3958b04dea5fd8"
dependencies = [
 "gcc",
 "libc 0.1.8",
 "libressl-pnacl-sys",
 "pkg-config",
]

[[package]]
name = "passman"
version = "0.0.0"
dependencies = [
 "clippy",
 "openssl",
 "rand",
 "regex 1.5.5",
 "regex_macros",
 "rpassword",
 "rustc-serialize",
 "toml",
]

[[package]]
name = "pkg-config"
version = "0.3.5"
source = "registry+https://github.com/rust-lang/crates.io-index"
checksum = "71048206ec7132fc63b492abfec77a7a66059ed2b5fbbff59ac16a7b4a2cc495"

[[package]]
name = "pnacl-build-helper"
version = "1.4.0"
source = "registry+https://github.com/rust-lang/crates.io-index"
checksum = "5091115a532f2f9c036e178b9f800de59208a666896947650bed9026e754e1da"
dependencies = [
 "tempdir",
]

[[package]]
name = "rand"
version = "0.3.8"
source = "registry+https://github.com/rust-lang/crates.io-index"
checksum = "b674087a811e0f96133764b93f2f95ab843c0ade512ca52fd5df732c93d4c596"
dependencies = [
 "libc 0.1.8",
]

[[package]]
name = "regex"
version = "0.1.80"
source = "registry+https://github.com/rust-lang/crates.io-index"
checksum = "4fd4ace6a8cf7860714a2c2280d6c1f7e6a413486c13298bbc86fd3da019402f"
dependencies = [
 "aho-corasick 0.5.3",
 "memchr 0.1.11",
 "regex-syntax 0.3.9",
 "thread_local",
 "utf8-ranges",
]

[[package]]
name = "regex"
version = "1.5.5"
source = "registry+https://github.com/rust-lang/crates.io-index"
checksum = "1a11647b6b25ff05a515cb92c365cec08801e83423a235b51e231e1808747286"
dependencies = [
 "aho-corasick 0.7.18",
 "memchr 2.5.0",
 "regex-syntax 0.6.26",
]

[[package]]
name = "regex-syntax"
version = "0.3.9"
source = "registry+https://github.com/rust-lang/crates.io-index"
checksum = "f9ec002c35e86791825ed294b50008eea9ddfc8def4420124fbc6b08db834957"

[[package]]
name = "regex-syntax"
version = "0.6.26"
source = "registry+https://github.com/rust-lang/crates.io-index"
checksum = "49b3de9ec5dc0a3417da371aab17d729997c15010e7fd24ff707773a33bddb64"

[[package]]
name = "regex_macros"
version = "0.1.20"
source = "registry+https://github.com/rust-lang/crates.io-index"
checksum = "0661959cc84baadf4dfeee199908df78b52f91744bd06fc51f89f1118817e31c"
dependencies = [
 "regex 0.1.80",
]

[[package]]
name = "rpassword"
version = "0.0.4"
source = "registry+https://github.com/rust-lang/crates.io-index"
checksum = "0a9dde63c78217c24d7f16dc1d60aac012124ba29d7bfa71bda532d4de668f44"
dependencies = [
 "libc 0.1.8",
 "termios",
]

[[package]]
name = "rustc-serialize"
version = "0.3.15"
source = "registry+https://github.com/rust-lang/crates.io-index"
checksum = "baa1d9cc07eb702f9229bc9353443000debfe346d2c53b54c9ee9307234525f2"

[[package]]
name = "tempdir"
version = "0.3.4"
source = "registry+https://github.com/rust-lang/crates.io-index"
checksum = "0b62933a3f96cd559700662c34f8bab881d9e3540289fb4f368419c7f13a5aa9"
dependencies = [
 "rand",
]

[[package]]
name = "termios"
version = "0.0.5"
source = "registry+https://github.com/rust-lang/crates.io-index"
checksum = "75071a31761781a74d091387713756966a74ce60eea99a093a5ab3f2cccac3fe"
dependencies = [
 "libc 0.1.8",
]

[[package]]
name = "thread-id"
version = "2.0.0"
source = "registry+https://github.com/rust-lang/crates.io-index"
checksum = "a9539db560102d1cef46b8b78ce737ff0bb64e7e18d35b2a5688f7d097d0ff03"
dependencies = [
 "kernel32-sys",
 "libc 0.2.126",
]

[[package]]
name = "thread_local"
version = "0.2.7"
source = "registry+https://github.com/rust-lang/crates.io-index"
checksum = "8576dbbfcaef9641452d5cf0df9b0e7eeab7694956dd33bb61515fb8f18cfdd5"
dependencies = [
 "thread-id",
]

[[package]]
name = "toml"
version = "0.1.21"
source = "registry+https://github.com/rust-lang/crates.io-index"
checksum = "653fb0262e7aaceb779aa3f3c35048766c7028fc897728f8ad59a0b3b9cab138"
dependencies = [
 "rustc-serialize",
]

[[package]]
name = "utf8-ranges"
version = "0.1.3"
source = "registry+https://github.com/rust-lang/crates.io-index"
checksum = "a1ca13c08c41c9c3e04224ed9ff80461d97e121589ff27c753a16cb10830ae0f"

[[package]]
name = "winapi"
version = "0.2.8"
source = "registry+https://github.com/rust-lang/crates.io-index"
checksum = "167dc9d6949a9b857f3451275e911c3f44255842c1f7a76f33c55103a909087a"

[[package]]
name = "winapi-build"
version = "0.1.1"
source = "registry+https://github.com/rust-lang/crates.io-index"
checksum = "2d315eee3b34aca4797b2da6b13ed88266e6d612562a0c46390af8299fc699bc"
